
Microsoft Visual Studio Solution File, Format Version 12.00
# Visual Studio 15
VisualStudioVersion = 15.0.28010.2026
MinimumVisualStudioVersion = 10.0.40219.1
Project("{2150E333-8FDC-42A3-9474-1A3956D46DE8}") = "ClientApp", "ClientApp", "{017EA097-7C56-4921-ACC1-51A7161CBF84}"
	ProjectSection(SolutionItems) = preProject
		ClientApp\New Text Document.txt = ClientApp\New Text Document.txt
	EndProjectSection
EndProject
Global
	GlobalSection(SolutionProperties) = preSolution
		HideSolutionNode = FALSE
	EndGlobalSection
	GlobalSection(ExtensibilityGlobals) = postSolution
		SolutionGuid = {4F89CD1C-35E0-4493-B808-46C46721F42D}
	EndGlobalSection
EndGlobal
